
Microsoft Visual Studio Solution File, Format Version 12.00
# Visual Studio 15
VisualStudioVersion = 15.0.26403.7
MinimumVisualStudioVersion = 10.0.40219.1
Project("{2150E333-8FDC-42A3-9474-1A3956D46DE8}") = "src", "src", "{BCBC57C5-0045-4B84-8801-894A091B26CB}"
EndProject
Project("{9A19103F-16F7-4668-BE54-9A1E7A4F7556}") = "Migrap.AspNet.Http", "src\Migrap.AspNet.Http\Migrap.AspNet.Http.csproj", "{1EF408CE-1E62-40BC-A6F5-D51A1A275E40}"
EndProject
Global
	GlobalSection(SolutionConfigurationPlatforms) = preSolution
		Debug|Any CPU = Debug|Any CPU
		Release|Any CPU = Release|Any CPU
	EndGlobalSection
	GlobalSection(ProjectConfigurationPlatforms) = postSolution
		{1EF408CE-1E62-40BC-A6F5-D51A1A275E40}.Debug|Any CPU.ActiveCfg = Debug|Any CPU
		{1EF408CE-1E62-40BC-A6F5-D51A1A275E40}.Debug|Any CPU.Build.0 = Debug|Any CPU
		{1EF408CE-1E62-40BC-A6F5-D51A1A275E40}.Release|Any CPU.ActiveCfg = Release|Any CPU
		{1EF408CE-1E62-40BC-A6F5-D51A1A275E40}.Release|Any CPU.Build.0 = Release|Any CPU
	EndGlobalSection
	GlobalSection(SolutionProperties) = preSolution
		HideSolutionNode = FALSE
	EndGlobalSection
	GlobalSection(NestedProjects) = preSolution
		{1EF408CE-1E62-40BC-A6F5-D51A1A275E40} = {BCBC57C5-0045-4B84-8801-894A091B26CB}
	EndGlobalSection
EndGlobal
